{
  "version": 1,
  "dependencies": {
    "net8.0": {
      "coverlet.msbuild": {
        "type": "Direct",
        "requested": "[3.2.0, )",
        "resolved": "3.2.0",
        "contentHash": "lu/eJJpqJb4qy3BGPtDD/LI5RSOwXYYyRErTyaG0OTP69llzVK3FEe74hBQx0JtLUTLEVBfERV4uGYcE1Br2sg=="
      },
      "JunitXml.TestLogger": {
        "type": "Direct",
        "requested": "[6.1.0, )",
        "resolved": "6.1.0",
        "contentHash": "a3ciawoHOzqcry7yS5z9DerNyF9QZi6fEZZJPILSy6Noj6+r8Ydma+cENA6wvivXDCblpXxw72wWT9QApNy/0w=="
      },
      "Microsoft.NET.Test.Sdk": {
        "type": "Direct",
        "requested": "[17.10.0, )",
        "resolved": "17.10.0",
        "contentHash": "0/2HeACkaHEYU3wc83YlcD2Fi4LMtECJjqrtvw0lPi9DCEa35zSPt1j4fuvM8NagjDqJuh1Ja35WcRtn1Um6/A==",
        "dependencies": {
          "Microsoft.CodeCoverage": "17.10.0",
          "Microsoft.TestPlatform.TestHost": "17.10.0"
        }
      },
      "MSTest.TestAdapter": {
        "type": "Direct",
        "requested": "[3.3.1, )",
        "resolved": "3.3.1",
        "contentHash": "ddSsUEQKibWamkosqbQmuhb1DpToI2LJb01yEPDA4MIhXJah4oBOARlLLI7bjWSkkRLDz/iPlx2Uac9qgmHlHg==",
        "dependencies": {
          "Microsoft.Testing.Extensions.VSTestBridge": "1.1.0",
          "Microsoft.Testing.Platform.MSBuild": "1.1.0"
        }
      },
      "MSTest.TestFramework": {
        "type": "Direct",
        "requested": "[3.3.1, )",
        "resolved": "3.3.1",
        "contentHash": "020SuA2p8N7o+/AHC0SLgzGpyS1hNjR8m5tWxnuGqJ3HeJhArUbuPAU8RZr8Ll38ij8oiutGCkQ/G+ymyO51Ow=="
      },
      "DocX": {
        "type": "Transitive",
        "resolved": "4.0.25103.5744",
        "contentHash": "UGW117jq+Jfpr7HNFkROqlpNdeYKbHZRdtZ6b6DjzCcHR+FVzH0HDBN8tj99PMN40tUWSQ01yN8BwZnhBmnbHQ==",
        "dependencies": {
          "SkiaSharp": "2.88.8",
          "System.IO.Packaging": "4.5.0"
        }
      },
      "ExcelDataReader": {
        "type": "Transitive",
        "resolved": "3.6.0",
        "contentHash": "eXyxTwG7EEWpgQX3juZ2KcndqTqm/ydx9GXS2lUiMJU54U4h5eXdygRtVgINv0t60ezPWEb+lL7uM7Q+wm5BBA=="
      },
      "ExcelDataReader.DataSet": {
        "type": "Transitive",
        "resolved": "3.6.0",
        "contentHash": "miW3sWmPXnLM38YadRIfnhL4W4QZajpS6Q/OqsOpFJU5ct8h+M/fMpbGMm5INtsMP0Y1k0WK0stIfSW3RP31Xg==",
        "dependencies": {
          "ExcelDataReader": "3.6.0"
        }
      },
      "Microsoft.ApplicationInsights": {
        "type": "Transitive",
        "resolved": "2.22.0",
        "contentHash": "3AOM9bZtku7RQwHyMEY3tQMrHIgjcfRDa6YQpd/QG2LDGvMydSlL9Di+8LLMt7J2RDdfJ7/2jdYv6yHcMJAnNw==",
        "dependencies": {
          "System.Diagnostics.DiagnosticSource": "5.0.0"
        }
      },
      "Microsoft.CodeCoverage": {
        "type": "Transitive",
        "resolved": "17.10.0",
        "contentHash": "yC7oSlnR54XO5kOuHlVOKtxomNNN1BWXX8lK1G2jaPXT9sUok7kCOoA4Pgs0qyFaCtMrNsprztYMeoEGqCm4uA=="
      },
      "Microsoft.Extensions.Configuration.Abstractions": {
        "type": "Transitive",
        "resolved": "8.0.0",
        "contentHash": "3lE/iLSutpgX1CC0NOW70FJoGARRHbyKmG7dc0klnUZ9Dd9hS6N/POPWhKhMLCEuNN5nXEY5agmlFtH562vqhQ==",
        "dependencies": {
          "Microsoft.Extensions.Primitives": "8.0.0"
        }
      },
      "Microsoft.Extensions.DependencyInjection.Abstractions": {
        "type": "Transitive",
        "resolved": "8.0.1",
        "contentHash": "fGLiCRLMYd00JYpClraLjJTNKLmMJPnqxMaiRzEBIIvevlzxz33mXy39Lkd48hu1G+N21S7QpaO5ZzKsI6FRuA=="
      },
      "Microsoft.Extensions.Logging.Abstractions": {
        "type": "Transitive",
        "resolved": "8.0.1",
        "contentHash": "RIFgaqoaINxkM2KTOw72dmilDmTrYA0ns2KW4lDz4gZ2+o6IQ894CzmdL3StM2oh7QQq44nCWiqKqc4qUI9Jmg==",
        "dependencies": {
          "Microsoft.Extensions.DependencyInjection.Abstractions": "8.0.1"
        }
      },
      "Microsoft.Extensions.Primitives": {
        "type": "Transitive",
        "resolved": "8.0.0",
        "contentHash": "bXJEZrW9ny8vjMF1JV253WeLhpEVzFo1lyaZu1vQ4ZxWUlVvknZ/+ftFgVheLubb4eZPSwwxBeqS1JkCOjxd8g=="
      },
      "Microsoft.Testing.Extensions.Telemetry": {
        "type": "Transitive",
        "resolved": "1.1.0",
        "contentHash": "K9xjzIlNxUHHvVCYoQYjk3ojnNgS9Jhb9nHSuEAMl5QGhziNdHztGM3fzRQ72KRIA9MyeU75fCex8YZlsRkF1g==",
        "dependencies": {
          "Microsoft.ApplicationInsights": "2.22.0",
          "Microsoft.Testing.Platform": "1.1.0"
        }
      },
      "Microsoft.Testing.Extensions.TrxReport.Abstractions": {
        "type": "Transitive",
        "resolved": "1.1.0",
        "contentHash": "mspVaUbMAmsMg6IQaGJkypeCCYmUYYQkxFSRbSGdsTlzu9dpsH6spavSL6DUtkR7qd07ulYDlPCJ/yBU6TYdug==",
        "dependencies": {
          "Microsoft.Testing.Platform": "1.1.0"
        }
      },
      "Microsoft.Testing.Extensions.VSTestBridge": {
        "type": "Transitive",
        "resolved": "1.1.0",
        "contentHash": "6IcxNS8lARWd/7K/dDC0IAXRnUpQ9kC0Cb+Eu8biZG40pVDZoDEyn4QIuicJvPSCT1C72AtSUqKzZASO7i4gPg==",
        "dependencies": {
          "Microsoft.TestPlatform.ObjectModel": "17.5.0",
          "Microsoft.Testing.Extensions.Telemetry": "1.1.0",
          "Microsoft.Testing.Extensions.TrxReport.Abstractions": "1.1.0",
          "Microsoft.Testing.Platform": "1.1.0"
        }
      },
      "Microsoft.Testing.Platform": {
        "type": "Transitive",
        "resolved": "1.1.0",
        "contentHash": "on8S7PvvR9Ai5gL/DKN5KrE8e4ctsUIMEzCGY916D+8xj5W/ho0ru9OJiNk7vWFbQrGwpLs87xE7Q8RPLSO/og=="
      },
      "Microsoft.Testing.Platform.MSBuild": {
        "type": "Transitive",
        "resolved": "1.1.0",
        "contentHash": "n2F3OP27qPCSBDfi25DfIeuq3UtzB/BUlXJBCqu1HQc8n7ak5gfzWlkJwlOIk2PAltocdJWQHMfeVYfcLkZ41g==",
        "dependencies": {
          "Microsoft.Testing.Platform": "1.1.0"
        }
      },
      "Microsoft.TestPlatform.ObjectModel": {
        "type": "Transitive",
        "resolved": "17.10.0",
        "contentHash": "KkwhjQevuDj0aBRoPLY6OLAhGqbPUEBuKLbaCs0kUVw29qiOYncdORd4mLVJbn9vGZ7/iFGQ/+AoJl0Tu5Umdg==",
        "dependencies": {
          "System.Reflection.Metadata": "1.6.0"
        }
      },
      "Microsoft.TestPlatform.TestHost": {
        "type": "Transitive",
        "resolved": "17.10.0",
        "contentHash": "LWpMdfqhHvcUkeMCvNYJO8QlPLlYz9XPPb+ZbaXIKhdmjAV0wqTSrTiW5FLaf7RRZT50AQADDOYMOe0HxDxNgA==",
        "dependencies": {
          "Microsoft.TestPlatform.ObjectModel": "17.10.0",
          "Newtonsoft.Json": "13.0.1"
        }
      },
      "Newtonsoft.Json": {
        "type": "Transitive",
        "resolved": "13.0.1",
        "contentHash": "ppPFpBcvxdsfUonNcvITKqLl3bqxWbDCZIzDWHzjpdAHRFfZe0Dw9HmA0+za13IdyrgJwpkDTDA9fHaxOrt20A=="
      },
      "SkiaSharp": {
        "type": "Transitive",
        "resolved": "2.88.8",
        "contentHash": "bRkp3uKp5ZI8gXYQT57uKwil1uobb2p8c69n7v5evlB/2JNcMAXVcw9DZAP5Ig3WSvgzGm2YSn27UVeOi05NlA==",
        "dependencies": {
          "SkiaSharp.NativeAssets.Win32": "2.88.8",
          "SkiaSharp.NativeAssets.macOS": "2.88.8"
        }
      },
      "SkiaSharp.NativeAssets.macOS": {
        "type": "Transitive",
        "resolved": "2.88.8",
        "contentHash": "6Kn5TSkKlfyS6azWHF3Jk2sW5C4jCE5uSshM/5AbfFrR+5n6qM5XEnz9h4VaVl7LTxBvHvMkuPb/3bpbq0vxTw=="
      },
      "SkiaSharp.NativeAssets.Win32": {
        "type": "Transitive",
        "resolved": "2.88.8",
        "contentHash": "O9QXoWEXA+6cweR4h3BOnwMz+pO9vL9mXdjLrpDd0w1QzCgWmLQBxa1VgySDITiH7nQndrDG1h6937zm9pLj1Q=="
      },
      "System.Diagnostics.DiagnosticSource": {
        "type": "Transitive",
        "resolved": "5.0.0",
        "contentHash": "tCQTzPsGZh/A9LhhA6zrqCRV4hOHsK90/G7q3Khxmn6tnB1PuNU0cRaKANP2AWcF9bn0zsuOoZOSrHuJk6oNBA=="
      },
      "System.IO.Packaging": {
        "type": "Transitive",
        "resolved": "4.5.0",
        "contentHash": "OjtW5pGp1E7KE3ontBrzy+nSFJCM6pcbVDdo3gg4DauTfdtZKdeKvMVlADF4fSY+OfXWUp4qCvOSxIltt37LbA=="
      },
      "System.Reflection.Metadata": {
        "type": "Transitive",
        "resolved": "1.6.0",
        "contentHash": "COC1aiAJjCoA5GBF+QKL2uLqEBew4JsCkQmoHKbN3TlOZKa2fKLz5CpiRQKDz0RsAOEGsVKqOD5bomsXq/4STQ=="
      },
      "rfcbuddy.app": {
        "type": "Project",
        "dependencies": {
          "DocX": "[4.0.25103.5744, )",
          "ExcelDataReader": "[3.6.0, )",
          "ExcelDataReader.DataSet": "[3.6.0, )",
          "Microsoft.Extensions.Configuration.Abstractions": "[8.0.0, )",
          "Microsoft.Extensions.Logging.Abstractions": "[8.0.1, )"
        }
      }
    }
  }
}