{
  "version": 1,
  "dependencies": {
    "net8.0": {
      "DocX": {
        "type": "Direct",
        "requested": "[3.0.0, )",
        "resolved": "3.0.0",
        "contentHash": "MMBkVQJebOu6RHWv3WXoLazvNTdn5PborEwMGfh2zSBRzJHZSDGQ2O7gsBHLN4OYEYjDVn5QH934kvel6jcP5g==",
        "dependencies": {
          "System.Drawing.Common": "5.0.2",
          "System.IO.Packaging": "4.5.0"
        }
      },
      "ExcelDataReader": {
        "type": "Direct",
        "requested": "[3.6.0, )",
        "resolved": "3.6.0",
        "contentHash": "eXyxTwG7EEWpgQX3juZ2KcndqTqm/ydx9GXS2lUiMJU54U4h5eXdygRtVgINv0t60ezPWEb+lL7uM7Q+wm5BBA=="
      },
      "ExcelDataReader.DataSet": {
        "type": "Direct",
        "requested": "[3.6.0, )",
        "resolved": "3.6.0",
        "contentHash": "miW3sWmPXnLM38YadRIfnhL4W4QZajpS6Q/OqsOpFJU5ct8h+M/fMpbGMm5INtsMP0Y1k0WK0stIfSW3RP31Xg==",
        "dependencies": {
          "ExcelDataReader": "3.6.0"
        }
      },
      "Microsoft.Extensions.Configuration.Abstractions": {
        "type": "Direct",
        "requested": "[8.0.0, )",
        "resolved": "8.0.0",
        "contentHash": "3lE/iLSutpgX1CC0NOW70FJoGARRHbyKmG7dc0klnUZ9Dd9hS6N/POPWhKhMLCEuNN5nXEY5agmlFtH562vqhQ==",
        "dependencies": {
          "Microsoft.Extensions.Primitives": "8.0.0"
        }
      },
      "Microsoft.Extensions.Logging.Abstractions": {
        "type": "Direct",
        "requested": "[8.0.1, )",
        "resolved": "8.0.1",
        "contentHash": "RIFgaqoaINxkM2KTOw72dmilDmTrYA0ns2KW4lDz4gZ2+o6IQ894CzmdL3StM2oh7QQq44nCWiqKqc4qUI9Jmg==",
        "dependencies": {
          "Microsoft.Extensions.DependencyInjection.Abstractions": "8.0.1"
        }
      },
      "Microsoft.NET.ILLink.Tasks": {
        "type": "Direct",
        "requested": "[8.0.18, )",
        "resolved": "8.0.18",
        "contentHash": "OiXqr2YIBEV9dsAWEtasK470ALyJ0VxJ9k4MotOxlWV6HeEgrJKYMW4HHj1OCCXvqE0/A25wEKPkpfiBARgDZA=="
      },
      "Microsoft.Extensions.DependencyInjection.Abstractions": {
        "type": "Transitive",
        "resolved": "8.0.1",
        "contentHash": "fGLiCRLMYd00JYpClraLjJTNKLmMJPnqxMaiRzEBIIvevlzxz33mXy39Lkd48hu1G+N21S7QpaO5ZzKsI6FRuA=="
      },
      "Microsoft.Extensions.Primitives": {
        "type": "Transitive",
        "resolved": "8.0.0",
        "contentHash": "bXJEZrW9ny8vjMF1JV253WeLhpEVzFo1lyaZu1vQ4ZxWUlVvknZ/+ftFgVheLubb4eZPSwwxBeqS1JkCOjxd8g=="
      },
      "Microsoft.NETCore.Platforms": {
        "type": "Transitive",
        "resolved": "5.0.0",
        "contentHash": "VyPlqzH2wavqquTcYpkIIAQ6WdenuKoFN0BdYBbCWsclXacSOHNQn66Gt4z5NBqEYW0FAPm5rlvki9ZiCij5xQ=="
      },
      "Microsoft.Win32.SystemEvents": {
        "type": "Transitive",
        "resolved": "5.0.0",
        "contentHash": "Bh6blKG8VAKvXiLe2L+sEsn62nc1Ij34MrNxepD2OCrS5cpCwQa9MeLyhVQPQ/R4Wlzwuy6wMK8hLb11QPDRsQ==",
        "dependencies": {
          "Microsoft.NETCore.Platforms": "5.0.0"
        }
      },
      "System.Drawing.Common": {
        "type": "Transitive",
        "resolved": "5.0.2",
        "contentHash": "rvr/M1WPf24ljpvvrVd74+NdjRUJu1bBkspkZcnzSZnmAUQWSvanlQ0k/hVHk+cHufZbZfu7vOh/vYc0q5Uu/A==",
        "dependencies": {
          "Microsoft.Win32.SystemEvents": "5.0.0"
        }
      },
      "System.IO.Packaging": {
        "type": "Transitive",
        "resolved": "4.5.0",
        "contentHash": "OjtW5pGp1E7KE3ontBrzy+nSFJCM6pcbVDdo3gg4DauTfdtZKdeKvMVlADF4fSY+OfXWUp4qCvOSxIltt37LbA=="
      }
    },
    "net8.0/win-x64": {
      "Microsoft.Win32.SystemEvents": {
        "type": "Transitive",
        "resolved": "5.0.0",
        "contentHash": "Bh6blKG8VAKvXiLe2L+sEsn62nc1Ij34MrNxepD2OCrS5cpCwQa9MeLyhVQPQ/R4Wlzwuy6wMK8hLb11QPDRsQ==",
        "dependencies": {
          "Microsoft.NETCore.Platforms": "5.0.0"
        }
      },
      "System.Drawing.Common": {
        "type": "Transitive",
        "resolved": "5.0.2",
        "contentHash": "rvr/M1WPf24ljpvvrVd74+NdjRUJu1bBkspkZcnzSZnmAUQWSvanlQ0k/hVHk+cHufZbZfu7vOh/vYc0q5Uu/A==",
        "dependencies": {
          "Microsoft.Win32.SystemEvents": "5.0.0"
        }
      }
    }
  }
}